
Microsoft Visual Studio Solution File, Format Version 12.00
# Visual Studio Version 17
VisualStudioVersion = 17.9.34607.119
MinimumVisualStudioVersion = 10.0.40219.1
Project("{FAE04EC0-301F-11D3-BF4B-00C04F79EFBC}") = "Snake1.0", "Snake1.0\Snake1.0.csproj", "{A19CC937-AB1F-4927-BA05-C02AFC6DCD31}"
EndProject
Global
	GlobalSection(SolutionConfigurationPlatforms) = preSolution
		Debug|Any CPU = Debug|Any CPU
		Release|Any CPU = Release|Any CPU
	EndGlobalSection
	GlobalSection(ProjectConfigurationPlatforms) = postSolution
		{A19CC937-AB1F-4927-BA05-C02AFC6DCD31}.Debug|Any CPU.ActiveCfg = Debug|Any CPU
		{A19CC937-AB1F-4927-BA05-C02AFC6DCD31}.Debug|Any CPU.Build.0 = Debug|Any CPU
		{A19CC937-AB1F-4927-BA05-C02AFC6DCD31}.Release|Any CPU.ActiveCfg = Release|Any CPU
		{A19CC937-AB1F-4927-BA05-C02AFC6DCD31}.Release|Any CPU.Build.0 = Release|Any CPU
	EndGlobalSection
	GlobalSection(SolutionProperties) = preSolution
		HideSolutionNode = FALSE
	EndGlobalSection
	GlobalSection(ExtensibilityGlobals) = postSolution
		SolutionGuid = {1A50C58D-3917-480E-A73C-3C9408BDD2EA}
	EndGlobalSection
EndGlobal
